// !$*UTF8*$!
{
	archiveVersion = 1;
	classes = {
	};
	objectVersion = 46;
	objects = {

/* Begin PBXBuildFile section */
		6322B18B13214B6900F6B81C /* Default-Portrait~ipad.png in Resources */ = {isa = PBXBuildFile; fileRef = 6322B18A13214B6900F6B81C /* Default-Portrait~ipad.png */; };
		6322B18E13214B6E00F6B81C /* Default-Landscape~ipad.png in Resources */ = {isa = PBXBuildFile; fileRef = 6322B18D13214B6E00F6B81C /* Default-Landscape~ipad.png */; };
		63238895132036C300B189F7 /* icon-72.png in Resources */ = {isa = PBXBuildFile; fileRef = 63238894132036C300B189F7 /* icon-72.png */; };
		6351B9C0131E134D003D8A6A /* labels.txt in Resources */ = {isa = PBXBuildFile; fileRef = 6351B9BF131E134D003D8A6A /* labels.txt */; };
		636DBCB513405B7000AD6089 /* conditions.plist in Resources */ = {isa = PBXBuildFile; fileRef = 636DBCB413405B7000AD6089 /* conditions.plist */; };
		6390CD39136544A900DE382E /* MysqlCommitException.m in Sources */ = {isa = PBXBuildFile; fileRef = 6390CCD9136544A900DE382E /* MysqlCommitException.m */; };
		6390CD3A136544A900DE382E /* MysqlException.m in Sources */ = {isa = PBXBuildFile; fileRef = 6390CCDB136544A900DE382E /* MysqlException.m */; };
		6390CD3B136544A900DE382E /* MysqlRollbackException.m in Sources */ = {isa = PBXBuildFile; fileRef = 6390CCDD136544A900DE382E /* MysqlRollbackException.m */; };
		6390CD3C136544A900DE382E /* libmysqlclient.a in Frameworks */ = {isa = PBXBuildFile; fileRef = 6390CD27136544A900DE382E /* libmysqlclient.a */; };
		6390CD3D136544A900DE382E /* MysqlConnection.m in Sources */ = {isa = PBXBuildFile; fileRef = 6390CD29136544A900DE382E /* MysqlConnection.m */; };
		6390CD3E136544A900DE382E /* MysqlDelete.m in Sources */ = {isa = PBXBuildFile; fileRef = 6390CD2B136544A900DE382E /* MysqlDelete.m */; };
		6390CD3F136544A900DE382E /* MysqlFetch.m in Sources */ = {isa = PBXBuildFile; fileRef = 6390CD2D136544A900DE382E /* MysqlFetch.m */; };
		6390CD40136544A900DE382E /* MysqlFetchField.m in Sources */ = {isa = PBXBuildFile; fileRef = 6390CD2F136544A900DE382E /* MysqlFetchField.m */; };
		6390CD41136544A900DE382E /* MysqlInsert.m in Sources */ = {isa = PBXBuildFile; fileRef = 6390CD31136544A900DE382E /* MysqlInsert.m */; };
		6390CD42136544A900DE382E /* MysqlLiteral.m in Sources */ = {isa = PBXBuildFile; fileRef = 6390CD33136544A900DE382E /* MysqlLiteral.m */; };
		6390CD43136544AA00DE382E /* MysqlUpdate.m in Sources */ = {isa = PBXBuildFile; fileRef = 6390CD35136544A900DE382E /* MysqlUpdate.m */; };
		6390CD44136544AA00DE382E /* notes.txt in Resources */ = {isa = PBXBuildFile; fileRef = 6390CD36136544A900DE382E /* notes.txt */; };
		6390CD45136544AA00DE382E /* NSString_MysqlEscape.m in Sources */ = {isa = PBXBuildFile; fileRef = 6390CD38136544A900DE382E /* NSString_MysqlEscape.m */; };
		6395CEB013314CEC00617C76 /* Entitlements.plist in Resources */ = {isa = PBXBuildFile; fileRef = 6395CEAF13314CEC00617C76 /* Entitlements.plist */; };
		63CC7655135D157A008A788D /* YesNoButton.m in Sources */ = {isa = PBXBuildFile; fileRef = 63CC7654135D157A008A788D /* YesNoButton.m */; };
		63EA315C13676CF90004DBD2 /* BinaryDecisionViewController.m in Sources */ = {isa = PBXBuildFile; fileRef = 63EA314213676CF90004DBD2 /* BinaryDecisionViewController.m */; };
		63EA315D13676CF90004DBD2 /* ChecklistViewController.m in Sources */ = {isa = PBXBuildFile; fileRef = 63EA314413676CF90004DBD2 /* ChecklistViewController.m */; };
		63EA315E13676CF90004DBD2 /* ConservativeFluidViewController.m in Sources */ = {isa = PBXBuildFile; fileRef = 63EA314613676CF90004DBD2 /* ConservativeFluidViewController.m */; };
		63EA315F13676CF90004DBD2 /* DailyLIPSViewController.m in Sources */ = {isa = PBXBuildFile; fileRef = 63EA314813676CF90004DBD2 /* DailyLIPSViewController.m */; };
		63EA316013676CF90004DBD2 /* DataEntryController.m in Sources */ = {isa = PBXBuildFile; fileRef = 63EA314A13676CF90004DBD2 /* DataEntryController.m */; };
		63EA316113676CF90004DBD2 /* FluidManagementViewController.m in Sources */ = {isa = PBXBuildFile; fileRef = 63EA314D13676CF90004DBD2 /* FluidManagementViewController.m */; };
		63EA316213676CF90004DBD2 /* InfectionViewController.m in Sources */ = {isa = PBXBuildFile; fileRef = 63EA314F13676CF90004DBD2 /* InfectionViewController.m */; };
		63EA316313676CF90004DBD2 /* MultipleChoiceViewController.m in Sources */ = {isa = PBXBuildFile; fileRef = 63EA315113676CF90004DBD2 /* MultipleChoiceViewController.m */; };
		63EA316413676CF90004DBD2 /* PasswordViewController.m in Sources */ = {isa = PBXBuildFile; fileRef = 63EA315313676CF90004DBD2 /* PasswordViewController.m */; };
		63EA316513676CF90004DBD2 /* PatientInfoScreen.m in Sources */ = {isa = PBXBuildFile; fileRef = 63EA315513676CF90004DBD2 /* PatientInfoScreen.m */; };
		63EA316613676CF90004DBD2 /* ScoreViewController.m in Sources */ = {isa = PBXBuildFile; fileRef = 63EA315713676CF90004DBD2 /* ScoreViewController.m */; };
		63EA316713676CF90004DBD2 /* SuggestionViewController.m in Sources */ = {isa = PBXBuildFile; fileRef = 63EA315913676CF90004DBD2 /* SuggestionViewController.m */; };
		63EA316813676CF90004DBD2 /* TidalVolumeViewController.m in Sources */ = {isa = PBXBuildFile; fileRef = 63EA315B13676CF90004DBD2 /* TidalVolumeViewController.m */; };
		63EA317113676EEC0004DBD2 /* DecisionFetcher.m in Sources */ = {isa = PBXBuildFile; fileRef = 63EA316B13676EEC0004DBD2 /* DecisionFetcher.m */; };
		63EA317213676EEC0004DBD2 /* Patient.m in Sources */ = {isa = PBXBuildFile; fileRef = 63EA316D13676EEC0004DBD2 /* Patient.m */; };
		63EA317313676EEC0004DBD2 /* treatments.plist in Resources */ = {isa = PBXBuildFile; fileRef = 63EA316E13676EEC0004DBD2 /* treatments.plist */; };
		63EA317413676EEC0004DBD2 /* views.plist in Resources */ = {isa = PBXBuildFile; fileRef = 63EA316F13676EEC0004DBD2 /* views.plist */; };
		63EA318213676F950004DBD2 /* BinaryDecisionViewController.xib in Resources */ = {isa = PBXBuildFile; fileRef = 63EA317513676F940004DBD2 /* BinaryDecisionViewController.xib */; };
		63EA318313676F950004DBD2 /* ChecklistViewController.xib in Resources */ = {isa = PBXBuildFile; fileRef = 63EA317613676F940004DBD2 /* ChecklistViewController.xib */; };
		63EA318413676F950004DBD2 /* ConservativeFluidViewController.xib in Resources */ = {isa = PBXBuildFile; fileRef = 63EA317713676F940004DBD2 /* ConservativeFluidViewController.xib */; };
		63EA318513676F950004DBD2 /* DailyLIPSViewController.xib in Resources */ = {isa = PBXBuildFile; fileRef = 63EA317813676F940004DBD2 /* DailyLIPSViewController.xib */; };
		63EA318613676F950004DBD2 /* DataEntryController.xib in Resources */ = {isa = PBXBuildFile; fileRef = 63EA317913676F940004DBD2 /* DataEntryController.xib */; };
		63EA318713676F950004DBD2 /* FluidManagementViewController.xib in Resources */ = {isa = PBXBuildFile; fileRef = 63EA317A13676F940004DBD2 /* FluidManagementViewController.xib */; };
		63EA318813676F950004DBD2 /* InfectionViewController.xib in Resources */ = {isa = PBXBuildFile; fileRef = 63EA317B13676F940004DBD2 /* InfectionViewController.xib */; };
		63EA318913676F950004DBD2 /* MultipleChoiceViewController.xib in Resources */ = {isa = PBXBuildFile; fileRef = 63EA317C13676F940004DBD2 /* MultipleChoiceViewController.xib */; };
		63EA318A13676F950004DBD2 /* PasswordViewController.xib in Resources */ = {isa = PBXBuildFile; fileRef = 63EA317D13676F940004DBD2 /* PasswordViewController.xib */; };
		63EA318B13676F950004DBD2 /* PatientInfoScreen.xib in Resources */ = {isa = PBXBuildFile; fileRef = 63EA317E13676F940004DBD2 /* PatientInfoScreen.xib */; };
		63EA318C13676F950004DBD2 /* ScoreViewController.xib in Resources */ = {isa = PBXBuildFile; fileRef = 63EA317F13676F950004DBD2 /* ScoreViewController.xib */; };
		63EA318D13676F950004DBD2 /* SuggestionViewController.xib in Resources */ = {isa = PBXBuildFile; fileRef = 63EA318013676F950004DBD2 /* SuggestionViewController.xib */; };
		63EA318E13676F950004DBD2 /* TidalVolumeViewController.xib in Resources */ = {isa = PBXBuildFile; fileRef = 63EA318113676F950004DBD2 /* TidalVolumeViewController.xib */; };
		63EA319013676F9F0004DBD2 /* MainWindow.xib in Resources */ = {isa = PBXBuildFile; fileRef = 63EA318F13676F9F0004DBD2 /* MainWindow.xib */; };
		63F0E12E1318CAF000FB6ADD /* UIKit.framework in Frameworks */ = {isa = PBXBuildFile; fileRef = 63F0E12D1318CAF000FB6ADD /* UIKit.framework */; };
		63F0E1301318CAF000FB6ADD /* Foundation.framework in Frameworks */ = {isa = PBXBuildFile; fileRef = 63F0E12F1318CAF000FB6ADD /* Foundation.framework */; };
		63F0E1321318CAF000FB6ADD /* CoreGraphics.framework in Frameworks */ = {isa = PBXBuildFile; fileRef = 63F0E1311318CAF000FB6ADD /* CoreGraphics.framework */; };
		63F0E1381318CAF000FB6ADD /* InfoPlist.strings in Resources */ = {isa = PBXBuildFile; fileRef = 63F0E1361318CAF000FB6ADD /* InfoPlist.strings */; };
		63F0E13B1318CAF000FB6ADD /* main.m in Sources */ = {isa = PBXBuildFile; fileRef = 63F0E13A1318CAF000FB6ADD /* main.m */; };
		63F0E13E1318CAF000FB6ADD /* LIPSAppDelegate.m in Sources */ = {isa = PBXBuildFile; fileRef = 63F0E13D1318CAF000FB6ADD /* LIPSAppDelegate.m */; };
		63F0E14E1318CAF000FB6ADD /* UIKit.framework in Frameworks */ = {isa = PBXBuildFile; fileRef = 63F0E12D1318CAF000FB6ADD /* UIKit.framework */; };
		63F0E14F1318CAF000FB6ADD /* Foundation.framework in Frameworks */ = {isa = PBXBuildFile; fileRef = 63F0E12F1318CAF000FB6ADD /* Foundation.framework */; };
		63F0E1501318CAF000FB6ADD /* CoreGraphics.framework in Frameworks */ = {isa = PBXBuildFile; fileRef = 63F0E1311318CAF000FB6ADD /* CoreGraphics.framework */; };
		63F0E1581318CAF000FB6ADD /* InfoPlist.strings in Resources */ = {isa = PBXBuildFile; fileRef = 63F0E1561318CAF000FB6ADD /* InfoPlist.strings */; };
		63F0E15B1318CAF000FB6ADD /* LIPSTests.h in Resources */ = {isa = PBXBuildFile; fileRef = 63F0E15A1318CAF000FB6ADD /* LIPSTests.h */; };
		63F0E15D1318CAF000FB6ADD /* LIPSTests.m in Sources */ = {isa = PBXBuildFile; fileRef = 63F0E15C1318CAF000FB6ADD /* LIPSTests.m */; };
		63F2CB9E135F808500D01172 /* ToggleButton.m in Sources */ = {isa = PBXBuildFile; fileRef = 63F2CB9D135F808500D01172 /* ToggleButton.m */; };
		63F2CBA1135F87EE00D01172 /* CheckBox.m in Sources */ = {isa = PBXBuildFile; fileRef = 63F2CBA0135F87EE00D01172 /* CheckBox.m */; };
		63F2CBB8135F916900D01172 /* CheckBoxUnchecked.png in Resources */ = {isa = PBXBuildFile; fileRef = 63F2CBB6135F916900D01172 /* CheckBoxUnchecked.png */; };
		63F2CBB9135F916900D01172 /* CheckBoxChecked.png in Resources */ = {isa = PBXBuildFile; fileRef = 63F2CBB7135F916900D01172 /* CheckBoxChecked.png */; };
		63F621351331434100ABAEB0 /* Default-Landscape.psd in Resources */ = {isa = PBXBuildFile; fileRef = 63F621321331434100ABAEB0 /* Default-Landscape.psd */; };
		63F621361331434100ABAEB0 /* Default-Portrait.psd in Resources */ = {isa = PBXBuildFile; fileRef = 63F621331331434100ABAEB0 /* Default-Portrait.psd */; };
		63F621371331434100ABAEB0 /* icon.psd in Resources */ = {isa = PBXBuildFile; fileRef = 63F621341331434100ABAEB0 /* icon.psd */; };
		63F6213B1331444700ABAEB0 /* bigicon.png in Resources */ = {isa = PBXBuildFile; fileRef = 63F621391331444700ABAEB0 /* bigicon.png */; };
		63F6213C1331444700ABAEB0 /* bigicon.psd in Resources */ = {isa = PBXBuildFile; fileRef = 63F6213A1331444700ABAEB0 /* bigicon.psd */; };
		A0249C86135F528E00FFEC2C /* GreenButton.png in Resources */ = {isa = PBXBuildFile; fileRef = A0249C7F135F528E00FFEC2C /* GreenButton.png */; };
		A0249C87135F528E00FFEC2C /* GreyButton.png in Resources */ = {isa = PBXBuildFile; fileRef = A0249C80135F528E00FFEC2C /* GreyButton.png */; };
		A0249C88135F528E00FFEC2C /* README in Resources */ = {isa = PBXBuildFile; fileRef = A0249C81135F528E00FFEC2C /* README */; };
		A0249C89135F528E00FFEC2C /* RedButton.png in Resources */ = {isa = PBXBuildFile; fileRef = A0249C82135F528E00FFEC2C /* RedButton.png */; };
/* End PBXBuildFile section */

/* Begin PBXContainerItemProxy section */
		63F0E1511318CAF000FB6ADD /* PBXContainerItemProxy */ = {
			isa = PBXContainerItemProxy;
			containerPortal = 63F0E1201318CAF000FB6ADD /* Project object */;
			proxyType = 1;
			remoteGlobalIDString = 63F0E1281318CAF000FB6ADD;
			remoteInfo = LIPS;
		};
/* End PBXContainerItemProxy section */

/* Begin PBXFileReference section */
		6322B18A13214B6900F6B81C /* Default-Portrait~ipad.png */ = {isa = PBXFileReference; lastKnownFileType = image.png; path = "Default-Portrait~ipad.png"; sourceTree = "<group>"; };
		6322B18D13214B6E00F6B81C /* Default-Landscape~ipad.png */ = {isa = PBXFileReference; lastKnownFileType = image.png; path = "Default-Landscape~ipad.png"; sourceTree = "<group>"; };
		63238894132036C300B189F7 /* icon-72.png */ = {isa = PBXFileReference; lastKnownFileType = image.png; path = "icon-72.png"; sourceTree = "<group>"; };
		6351B9BF131E134D003D8A6A /* labels.txt */ = {isa = PBXFileReference; fileEncoding = 4; lastKnownFileType = text; path = labels.txt; sourceTree = "<group>"; };
		636C15BA1331718C00A8506B /* LIPSTests.octest */ = {isa = PBXFileReference; explicitFileType = wrapper.cfbundle; includeInIndex = 0; path = LIPSTests.octest; sourceTree = BUILT_PRODUCTS_DIR; };
		636DBCB413405B7000AD6089 /* conditions.plist */ = {isa = PBXFileReference; fileEncoding = 4; lastKnownFileType = text.plist.xml; path = conditions.plist; sourceTree = "<group>"; };
		6390CCD8136544A900DE382E /* MysqlCommitException.h */ = {isa = PBXFileReference; fileEncoding = 4; lastKnownFileType = sourcecode.c.h; path = MysqlCommitException.h; sourceTree = "<group>"; };
		6390CCD9136544A900DE382E /* MysqlCommitException.m */ = {isa = PBXFileReference; fileEncoding = 4; lastKnownFileType = sourcecode.c.objc; path = MysqlCommitException.m; sourceTree = "<group>"; };
		6390CCDA136544A900DE382E /* MysqlException.h */ = {isa = PBXFileReference; fileEncoding = 4; lastKnownFileType = sourcecode.c.h; path = MysqlException.h; sourceTree = "<group>"; };
		6390CCDB136544A900DE382E /* MysqlException.m */ = {isa = PBXFileReference; fileEncoding = 4; lastKnownFileType = sourcecode.c.objc; path = MysqlException.m; sourceTree = "<group>"; };
		6390CCDC136544A900DE382E /* MysqlRollbackException.h */ = {isa = PBXFileReference; fileEncoding = 4; lastKnownFileType = sourcecode.c.h; path = MysqlRollbackException.h; sourceTree = "<group>"; };
		6390CCDD136544A900DE382E /* MysqlRollbackException.m */ = {isa = PBXFileReference; fileEncoding = 4; lastKnownFileType = sourcecode.c.objc; path = MysqlRollbackException.m; sourceTree = "<group>"; };
		6390CCDE136544A900DE382E /* GC_MYSQL_BIND.h */ = {isa = PBXFileReference; fileEncoding = 4; lastKnownFileType = sourcecode.c.h; path = GC_MYSQL_BIND.h; sourceTree = "<group>"; };
		6390CCE1136544A900DE382E /* gcc_builtins.h */ = {isa = PBXFileReference; fileEncoding = 4; lastKnownFileType = sourcecode.c.h; path = gcc_builtins.h; sourceTree = "<group>"; };
		6390CCE2136544A900DE382E /* generic-msvc.h */ = {isa = PBXFileReference; fileEncoding = 4; lastKnownFileType = sourcecode.c.h; path = "generic-msvc.h"; sourceTree = "<group>"; };
		6390CCE3136544A900DE382E /* nolock.h */ = {isa = PBXFileReference; fileEncoding = 4; lastKnownFileType = sourcecode.c.h; path = nolock.h; sourceTree = "<group>"; };
		6390CCE4136544A900DE382E /* rwlock.h */ = {isa = PBXFileReference; fileEncoding = 4; lastKnownFileType = sourcecode.c.h; path = rwlock.h; sourceTree = "<group>"; };
		6390CCE5136544A900DE382E /* x86-gcc.h */ = {isa = PBXFileReference; fileEncoding = 4; lastKnownFileType = sourcecode.c.h; path = "x86-gcc.h"; sourceTree = "<group>"; };
		6390CCE6136544A900DE382E /* base64.h */ = {isa = PBXFileReference; fileEncoding = 4; lastKnownFileType = sourcecode.c.h; path = base64.h; sourceTree = "<group>"; };
		6390CCE7136544A900DE382E /* config-win.h */ = {isa = PBXFileReference; fileEncoding = 4; lastKnownFileType = sourcecode.c.h; path = "config-win.h"; sourceTree = "<group>"; };
		6390CCE8136544A900DE382E /* decimal.h */ = {isa = PBXFileReference; fileEncoding = 4; lastKnownFileType = sourcecode.c.h; path = decimal.h; sourceTree = "<group>"; };
		6390CCE9136544A900DE382E /* errmsg.h */ = {isa = PBXFileReference; fileEncoding = 4; lastKnownFileType = sourcecode.c.h; path = errmsg.h; sourceTree = "<group>"; };
		6390CCEA136544A900DE382E /* hash.h */ = {isa = PBXFileReference; fileEncoding = 4; lastKnownFileType = sourcecode.c.h; path = hash.h; sourceTree = "<group>"; };
		6390CCEB136544A900DE382E /* keycache.h */ = {isa = PBXFileReference; fileEncoding = 4; lastKnownFileType = sourcecode.c.h; path = keycache.h; sourceTree = "<group>"; };
		6390CCEC136544A900DE382E /* lf.h */ = {isa = PBXFileReference; fileEncoding = 4; lastKnownFileType = sourcecode.c.h; path = lf.h; sourceTree = "<group>"; };
		6390CCED136544A900DE382E /* m_ctype.h */ = {isa = PBXFileReference; fileEncoding = 4; lastKnownFileType = sourcecode.c.h; path = m_ctype.h; sourceTree = "<group>"; };
		6390CCEE136544A900DE382E /* m_string.h */ = {isa = PBXFileReference; fileEncoding = 4; lastKnownFileType = sourcecode.c.h; path = m_string.h; sourceTree = "<group>"; };
		6390CCEF136544A900DE382E /* my_aes.h */ = {isa = PBXFileReference; fileEncoding = 4; lastKnownFileType = sourcecode.c.h; path = my_aes.h; sourceTree = "<group>"; };
		6390CCF0136544A900DE382E /* my_alarm.h */ = {isa = PBXFileReference; fileEncoding = 4; lastKnownFileType = sourcecode.c.h; path = my_alarm.h; sourceTree = "<group>"; };
		6390CCF1136544A900DE382E /* my_alloc.h */ = {isa = PBXFileReference; fileEncoding = 4; lastKnownFileType = sourcecode.c.h; path = my_alloc.h; sourceTree = "<group>"; };
		6390CCF2136544A900DE382E /* my_atomic.h */ = {isa = PBXFileReference; fileEncoding = 4; lastKnownFileType = sourcecode.c.h; path = my_atomic.h; sourceTree = "<group>"; };
		6390CCF3136544A900DE382E /* my_attribute.h */ = {isa = PBXFileReference; fileEncoding = 4; lastKnownFileType = sourcecode.c.h; path = my_attribute.h; sourceTree = "<group>"; };
		6390CCF4136544A900DE382E /* my_base.h */ = {isa = PBXFileReference; fileEncoding = 4; lastKnownFileType = sourcecode.c.h; path = my_base.h; sourceTree = "<group>"; };
		6390CCF5136544A900DE382E /* my_bit.h */ = {isa = PBXFileReference; fileEncoding = 4; lastKnownFileType = sourcecode.c.h; path = my_bit.h; sourceTree = "<group>"; };
		6390CCF6136544A900DE382E /* my_bitmap.h */ = {isa = PBXFileReference; fileEncoding = 4; lastKnownFileType = sourcecode.c.h; path = my_bitmap.h; sourceTree = "<group>"; };
		6390CCF7136544A900DE382E /* my_charsets.h */ = {isa = PBXFileReference; fileEncoding = 4; lastKnownFileType = sourcecode.c.h; path = my_charsets.h; sourceTree = "<group>"; };
		6390CCF8136544A900DE382E /* my_config.h */ = {isa = PBXFileReference; fileEncoding = 4; lastKnownFileType = sourcecode.c.h; path = my_config.h; sourceTree = "<group>"; };
		6390CCF9136544A900DE382E /* my_dbug.h */ = {isa = PBXFileReference; fileEncoding = 4; lastKnownFileType = sourcecode.c.h; path = my_dbug.h; sourceTree = "<group>"; };
		6390CCFA136544A900DE382E /* my_dir.h */ = {isa = PBXFileReference; fileEncoding = 4; lastKnownFileType = sourcecode.c.h; path = my_dir.h; sourceTree = "<group>"; };
		6390CCFB136544A900DE382E /* my_getopt.h */ = {isa = PBXFileReference; fileEncoding = 4; lastKnownFileType = sourcecode.c.h; path = my_getopt.h; sourceTree = "<group>"; };
		6390CCFC136544A900DE382E /* my_global.h */ = {isa = PBXFileReference; fileEncoding = 4; lastKnownFileType = sourcecode.c.h; path = my_global.h; sourceTree = "<group>"; };
		6390CCFD136544A900DE382E /* my_libwrap.h */ = {isa = PBXFileReference; fileEncoding = 4; lastKnownFileType = sourcecode.c.h; path = my_libwrap.h; sourceTree = "<group>"; };
		6390CCFE136544A900DE382E /* my_list.h */ = {isa = PBXFileReference; fileEncoding = 4; lastKnownFileType = sourcecode.c.h; path = my_list.h; sourceTree = "<group>"; };
		6390CCFF136544A900DE382E /* my_md5.h */ = {isa = PBXFileReference; fileEncoding = 4; lastKnownFileType = sourcecode.c.h; path = my_md5.h; sourceTree = "<group>"; };
		6390CD00136544A900DE382E /* my_net.h */ = {isa = PBXFileReference; fileEncoding = 4; lastKnownFileType = sourcecode.c.h; path = my_net.h; sourceTree = "<group>"; };
		6390CD01136544A900DE382E /* my_no_pthread.h */ = {isa = PBXFileReference; fileEncoding = 4; lastKnownFileType = sourcecode.c.h; path = my_no_pthread.h; sourceTree = "<group>"; };
		6390CD02136544A900DE382E /* my_nosys.h */ = {isa = PBXFileReference; fileEncoding = 4; lastKnownFileType = sourcecode.c.h; path = my_nosys.h; sourceTree = "<group>"; };
		6390CD03136544A900DE382E /* my_pthread.h */ = {isa = PBXFileReference; fileEncoding = 4; lastKnownFileType = sourcecode.c.h; path = my_pthread.h; sourceTree = "<group>"; };
		6390CD04136544A900DE382E /* my_stacktrace.h */ = {isa = PBXFileReference; fileEncoding = 4; lastKnownFileType = sourcecode.c.h; path = my_stacktrace.h; sourceTree = "<group>"; };
		6390CD05136544A900DE382E /* my_sys.h */ = {isa = PBXFileReference; fileEncoding = 4; lastKnownFileType = sourcecode.c.h; path = my_sys.h; sourceTree = "<group>"; };
		6390CD06136544A900DE382E /* my_time.h */ = {isa = PBXFileReference; fileEncoding = 4; lastKnownFileType = sourcecode.c.h; path = my_time.h; sourceTree = "<group>"; };
		6390CD07136544A900DE382E /* my_tree.h */ = {isa = PBXFileReference; fileEncoding = 4; lastKnownFileType = sourcecode.c.h; path = my_tree.h; sourceTree = "<group>"; };
		6390CD08136544A900DE382E /* my_trie.h */ = {isa = PBXFileReference; fileEncoding = 4; lastKnownFileType = sourcecode.c.h; path = my_trie.h; sourceTree = "<group>"; };
		6390CD09136544A900DE382E /* my_uctype.h */ = {isa = PBXFileReference; fileEncoding = 4; lastKnownFileType = sourcecode.c.h; path = my_uctype.h; sourceTree = "<group>"; };
		6390CD0A136544A900DE382E /* my_vle.h */ = {isa = PBXFileReference; fileEncoding = 4; lastKnownFileType = sourcecode.c.h; path = my_vle.h; sourceTree = "<group>"; };
		6390CD0B136544A900DE382E /* my_xml.h */ = {isa = PBXFileReference; fileEncoding = 4; lastKnownFileType = sourcecode.c.h; path = my_xml.h; sourceTree = "<group>"; };
		6390CD0C136544A900DE382E /* myisampack.h */ = {isa = PBXFileReference; fileEncoding = 4; lastKnownFileType = sourcecode.c.h; path = myisampack.h; sourceTree = "<group>"; };
		6390CD0D136544A900DE382E /* mysql.h */ = {isa = PBXFileReference; fileEncoding = 4; lastKnownFileType = sourcecode.c.h; path = mysql.h; sourceTree = "<group>"; };
		6390CD0E136544A900DE382E /* mysql_32.h */ = {isa = PBXFileReference; fileEncoding = 4; lastKnownFileType = sourcecode.c.h; path = mysql_32.h; sourceTree = "<group>"; };
		6390CD0F136544A900DE382E /* mysql_64.h */ = {isa = PBXFileReference; fileEncoding = 4; lastKnownFileType = sourcecode.c.h; path = mysql_64.h; sourceTree = "<group>"; };
		6390CD10136544A900DE382E /* mysql_com.h */ = {isa = PBXFileReference; fileEncoding = 4; lastKnownFileType = sourcecode.c.h; path = mysql_com.h; sourceTree = "<group>"; };
		6390CD11136544A900DE382E /* mysql_time.h */ = {isa = PBXFileReference; fileEncoding = 4; lastKnownFileType = sourcecode.c.h; path = mysql_time.h; sourceTree = "<group>"; };
		6390CD12136544A900DE382E /* mysql_version.h */ = {isa = PBXFileReference; fileEncoding = 4; lastKnownFileType = sourcecode.c.h; path = mysql_version.h; sourceTree = "<group>"; };
		6390CD13136544A900DE382E /* mysqld_error.h */ = {isa = PBXFileReference; fileEncoding = 4; lastKnownFileType = sourcecode.c.h; path = mysqld_error.h; sourceTree = "<group>"; };
		6390CD15136544A900DE382E /* rijndael.h */ = {isa = PBXFileReference; fileEncoding = 4; lastKnownFileType = sourcecode.c.h; path = rijndael.h; sourceTree = "<group>"; };
		6390CD16136544A900DE382E /* mysys_err.h */ = {isa = PBXFileReference; fileEncoding = 4; lastKnownFileType = sourcecode.c.h; path = mysys_err.h; sourceTree = "<group>"; };
		6390CD17136544A900DE382E /* queues.h */ = {isa = PBXFileReference; fileEncoding = 4; lastKnownFileType = sourcecode.c.h; path = queues.h; sourceTree = "<group>"; };
		6390CD18136544A900DE382E /* service_versions.h */ = {isa = PBXFileReference; fileEncoding = 4; lastKnownFileType = sourcecode.c.h; path = service_versions.h; sourceTree = "<group>"; };
		6390CD19136544A900DE382E /* sha1.h */ = {isa = PBXFileReference; fileEncoding = 4; lastKnownFileType = sourcecode.c.h; path = sha1.h; sourceTree = "<group>"; };
		6390CD1A136544A900DE382E /* sha2.h */ = {isa = PBXFileReference; fileEncoding = 4; lastKnownFileType = sourcecode.c.h; path = sha2.h; sourceTree = "<group>"; };
		6390CD1B136544A900DE382E /* sql_common.h */ = {isa = PBXFileReference; fileEncoding = 4; lastKnownFileType = sourcecode.c.h; path = sql_common.h; sourceTree = "<group>"; };
		6390CD1C136544A900DE382E /* sslopt-case.h */ = {isa = PBXFileReference; fileEncoding = 4; lastKnownFileType = sourcecode.c.h; path = "sslopt-case.h"; sourceTree = "<group>"; };
		6390CD1D136544A900DE382E /* sslopt-longopts.h */ = {isa = PBXFileReference; fileEncoding = 4; lastKnownFileType = sourcecode.c.h; path = "sslopt-longopts.h"; sourceTree = "<group>"; };
		6390CD1E136544A900DE382E /* sslopt-vars.h */ = {isa = PBXFileReference; fileEncoding = 4; lastKnownFileType = sourcecode.c.h; path = "sslopt-vars.h"; sourceTree = "<group>"; };
		6390CD1F136544A900DE382E /* t_ctype.h */ = {isa = PBXFileReference; fileEncoding = 4; lastKnownFileType = sourcecode.c.h; path = t_ctype.h; sourceTree = "<group>"; };
		6390CD20136544A900DE382E /* thr_alarm.h */ = {isa = PBXFileReference; fileEncoding = 4; lastKnownFileType = sourcecode.c.h; path = thr_alarm.h; sourceTree = "<group>"; };
		6390CD21136544A900DE382E /* thr_lock.h */ = {isa = PBXFileReference; fileEncoding = 4; lastKnownFileType = sourcecode.c.h; path = thr_lock.h; sourceTree = "<group>"; };
		6390CD22136544A900DE382E /* typelib.h */ = {isa = PBXFileReference; fileEncoding = 4; lastKnownFileType = sourcecode.c.h; path = typelib.h; sourceTree = "<group>"; };
		6390CD23136544A900DE382E /* violite.h */ = {isa = PBXFileReference; fileEncoding = 4; lastKnownFileType = sourcecode.c.h; path = violite.h; sourceTree = "<group>"; };
		6390CD24136544A900DE382E /* waiting_threads.h */ = {isa = PBXFileReference; fileEncoding = 4; lastKnownFileType = sourcecode.c.h; path = waiting_threads.h; sourceTree = "<group>"; };
		6390CD25136544A900DE382E /* wqueue.h */ = {isa = PBXFileReference; fileEncoding = 4; lastKnownFileType = sourcecode.c.h; path = wqueue.h; sourceTree = "<group>"; };
		6390CD27136544A900DE382E /* libmysqlclient.a */ = {isa = PBXFileReference; lastKnownFileType = archive.ar; path = libmysqlclient.a; sourceTree = "<group>"; };
		6390CD28136544A900DE382E /* MysqlConnection.h */ = {isa = PBXFileReference; fileEncoding = 4; lastKnownFileType = sourcecode.c.h; path = MysqlConnection.h; sourceTree = "<group>"; };
		6390CD29136544A900DE382E /* MysqlConnection.m */ = {isa = PBXFileReference; fileEncoding = 4; lastKnownFileType = sourcecode.c.objc; path = MysqlConnection.m; sourceTree = "<group>"; };
		6390CD2A136544A900DE382E /* MysqlDelete.h */ = {isa = PBXFileReference; fileEncoding = 4; lastKnownFileType = sourcecode.c.h; path = MysqlDelete.h; sourceTree = "<group>"; };
		6390CD2B136544A900DE382E /* MysqlDelete.m */ = {isa = PBXFileReference; fileEncoding = 4; lastKnownFileType = sourcecode.c.objc; path = MysqlDelete.m; sourceTree = "<group>"; };
		6390CD2C136544A900DE382E /* MysqlFetch.h */ = {isa = PBXFileReference; fileEncoding = 4; lastKnownFileType = sourcecode.c.h; path = MysqlFetch.h; sourceTree = "<group>"; };
		6390CD2D136544A900DE382E /* MysqlFetch.m */ = {isa = PBXFileReference; fileEncoding = 4; lastKnownFileType = sourcecode.c.objc; path = MysqlFetch.m; sourceTree = "<group>"; };
		6390CD2E136544A900DE382E /* MysqlFetchField.h */ = {isa = PBXFileReference; fileEncoding = 4; lastKnownFileType = sourcecode.c.h; path = MysqlFetchField.h; sourceTree = "<group>"; };
		6390CD2F136544A900DE382E /* MysqlFetchField.m */ = {isa = PBXFileReference; fileEncoding = 4; lastKnownFileType = sourcecode.c.objc; path = MysqlFetchField.m; sourceTree = "<group>"; };
		6390CD30136544A900DE382E /* MysqlInsert.h */ = {isa = PBXFileReference; fileEncoding = 4; lastKnownFileType = sourcecode.c.h; path = MysqlInsert.h; sourceTree = "<group>"; };
		6390CD31136544A900DE382E /* MysqlInsert.m */ = {isa = PBXFileReference; fileEncoding = 4; lastKnownFileType = sourcecode.c.objc; path = MysqlInsert.m; sourceTree = "<group>"; };
		6390CD32136544A900DE382E /* MysqlLiteral.h */ = {isa = PBXFileReference; fileEncoding = 4; lastKnownFileType = sourcecode.c.h; path = MysqlLiteral.h; sourceTree = "<group>"; };
		6390CD33136544A900DE382E /* MysqlLiteral.m */ = {isa = PBXFileReference; fileEncoding = 4; lastKnownFileType = sourcecode.c.objc; path = MysqlLiteral.m; sourceTree = "<group>"; };
		6390CD34136544A900DE382E /* MysqlUpdate.h */ = {isa = PBXFileReference; fileEncoding = 4; lastKnownFileType = sourcecode.c.h; path = MysqlUpdate.h; sourceTree = "<group>"; };
		6390CD35136544A900DE382E /* MysqlUpdate.m */ = {isa = PBXFileReference; fileEncoding = 4; lastKnownFileType = sourcecode.c.objc; path = MysqlUpdate.m; sourceTree = "<group>"; };
		6390CD36136544A900DE382E /* notes.txt */ = {isa = PBXFileReference; fileEncoding = 4; lastKnownFileType = text; path = notes.txt; sourceTree = "<group>"; };
		6390CD37136544A900DE382E /* NSString_MysqlEscape.h */ = {isa = PBXFileReference; fileEncoding = 4; lastKnownFileType = sourcecode.c.h; path = NSString_MysqlEscape.h; sourceTree = "<group>"; };
		6390CD38136544A900DE382E /* NSString_MysqlEscape.m */ = {isa = PBXFileReference; fileEncoding = 4; lastKnownFileType = sourcecode.c.objc; path = NSString_MysqlEscape.m; sourceTree = "<group>"; };
		6395CEAF13314CEC00617C76 /* Entitlements.plist */ = {isa = PBXFileReference; fileEncoding = 4; lastKnownFileType = text.plist.xml; path = Entitlements.plist; sourceTree = "<group>"; };
		63CC7653135D157A008A788D /* YesNoButton.h */ = {isa = PBXFileReference; fileEncoding = 4; lastKnownFileType = sourcecode.c.h; path = YesNoButton.h; sourceTree = "<group>"; };
		63CC7654135D157A008A788D /* YesNoButton.m */ = {isa = PBXFileReference; fileEncoding = 4; lastKnownFileType = sourcecode.c.objc; path = YesNoButton.m; sourceTree = "<group>"; };
		63EA314113676CF90004DBD2 /* BinaryDecisionViewController.h */ = {isa = PBXFileReference; fileEncoding = 4; lastKnownFileType = sourcecode.c.h; path = BinaryDecisionViewController.h; sourceTree = "<group>"; };
		63EA314213676CF90004DBD2 /* BinaryDecisionViewController.m */ = {isa = PBXFileReference; fileEncoding = 4; lastKnownFileType = sourcecode.c.objc; path = BinaryDecisionViewController.m; sourceTree = "<group>"; };
		63EA314313676CF90004DBD2 /* ChecklistViewController.h */ = {isa = PBXFileReference; fileEncoding = 4; lastKnownFileType = sourcecode.c.h; path = ChecklistViewController.h; sourceTree = "<group>"; };
		63EA314413676CF90004DBD2 /* ChecklistViewController.m */ = {isa = PBXFileReference; fileEncoding = 4; lastKnownFileType = sourcecode.c.objc; path = ChecklistViewController.m; sourceTree = "<group>"; };
		63EA314513676CF90004DBD2 /* ConservativeFluidViewController.h */ = {isa = PBXFileReference; fileEncoding = 4; lastKnownFileType = sourcecode.c.h; path = ConservativeFluidViewController.h; sourceTree = "<group>"; };
		63EA314613676CF90004DBD2 /* ConservativeFluidViewController.m */ = {isa = PBXFileReference; fileEncoding = 4; lastKnownFileType = sourcecode.c.objc; path = ConservativeFluidViewController.m; sourceTree = "<group>"; };
		63EA314713676CF90004DBD2 /* DailyLIPSViewController.h */ = {isa = PBXFileReference; fileEncoding = 4; lastKnownFileType = sourcecode.c.h; path = DailyLIPSViewController.h; sourceTree = "<group>"; };
		63EA314813676CF90004DBD2 /* DailyLIPSViewController.m */ = {isa = PBXFileReference; fileEncoding = 4; lastKnownFileType = sourcecode.c.objc; path = DailyLIPSViewController.m; sourceTree = "<group>"; };
		63EA314913676CF90004DBD2 /* DataEntryController.h */ = {isa = PBXFileReference; fileEncoding = 4; lastKnownFileType = sourcecode.c.h; path = DataEntryController.h; sourceTree = "<group>"; };
		63EA314A13676CF90004DBD2 /* DataEntryController.m */ = {isa = PBXFileReference; fileEncoding = 4; lastKnownFileType = sourcecode.c.objc; path = DataEntryController.m; sourceTree = "<group>"; };
		63EA314B13676CF90004DBD2 /* DecisionTreeView.h */ = {isa = PBXFileReference; fileEncoding = 4; lastKnownFileType = sourcecode.c.h; path = DecisionTreeView.h; sourceTree = "<group>"; };
		63EA314C13676CF90004DBD2 /* FluidManagementViewController.h */ = {isa = PBXFileReference; fileEncoding = 4; lastKnownFileType = sourcecode.c.h; path = FluidManagementViewController.h; sourceTree = "<group>"; };
		63EA314D13676CF90004DBD2 /* FluidManagementViewController.m */ = {isa = PBXFileReference; fileEncoding = 4; lastKnownFileType = sourcecode.c.objc; path = FluidManagementViewController.m; sourceTree = "<group>"; };
		63EA314E13676CF90004DBD2 /* InfectionViewController.h */ = {isa = PBXFileReference; fileEncoding = 4; lastKnownFileType = sourcecode.c.h; path = InfectionViewController.h; sourceTree = "<group>"; };
		63EA314F13676CF90004DBD2 /* InfectionViewController.m */ = {isa = PBXFileReference; fileEncoding = 4; lastKnownFileType = sourcecode.c.objc; path = InfectionViewController.m; sourceTree = "<group>"; };
		63EA315013676CF90004DBD2 /* MultipleChoiceViewController.h */ = {isa = PBXFileReference; fileEncoding = 4; lastKnownFileType = sourcecode.c.h; path = MultipleChoiceViewController.h; sourceTree = "<group>"; };
		63EA315113676CF90004DBD2 /* MultipleChoiceViewController.m */ = {isa = PBXFileReference; fileEncoding = 4; lastKnownFileType = sourcecode.c.objc; path = MultipleChoiceViewController.m; sourceTree = "<group>"; };
		63EA315213676CF90004DBD2 /* PasswordViewController.h */ = {isa = PBXFileReference; fileEncoding = 4; lastKnownFileType = sourcecode.c.h; path = PasswordViewController.h; sourceTree = "<group>"; };
		63EA315313676CF90004DBD2 /* PasswordViewController.m */ = {isa = PBXFileReference; fileEncoding = 4; lastKnownFileType = sourcecode.c.objc; path = PasswordViewController.m; sourceTree = "<group>"; };
		63EA315413676CF90004DBD2 /* PatientInfoScreen.h */ = {isa = PBXFileReference; fileEncoding = 4; lastKnownFileType = sourcecode.c.h; path = PatientInfoScreen.h; sourceTree = "<group>"; };
		63EA315513676CF90004DBD2 /* PatientInfoScreen.m */ = {isa = PBXFileReference; fileEncoding = 4; lastKnownFileType = sourcecode.c.objc; path = PatientInfoScreen.m; sourceTree = "<group>"; };
		63EA315613676CF90004DBD2 /* ScoreViewController.h */ = {isa = PBXFileReference; fileEncoding = 4; lastKnownFileType = sourcecode.c.h; path = ScoreViewController.h; sourceTree = "<group>"; };
		63EA315713676CF90004DBD2 /* ScoreViewController.m */ = {isa = PBXFileReference; fileEncoding = 4; lastKnownFileType = sourcecode.c.objc; path = ScoreViewController.m; sourceTree = "<group>"; };
		63EA315813676CF90004DBD2 /* SuggestionViewController.h */ = {isa = PBXFileReference; fileEncoding = 4; lastKnownFileType = sourcecode.c.h; path = SuggestionViewController.h; sourceTree = "<group>"; };
		63EA315913676CF90004DBD2 /* SuggestionViewController.m */ = {isa = PBXFileReference; fileEncoding = 4; lastKnownFileType = sourcecode.c.objc; path = SuggestionViewController.m; sourceTree = "<group>"; };
		63EA315A13676CF90004DBD2 /* TidalVolumeViewController.h */ = {isa = PBXFileReference; fileEncoding = 4; lastKnownFileType = sourcecode.c.h; path = TidalVolumeViewController.h; sourceTree = "<group>"; };
		63EA315B13676CF90004DBD2 /* TidalVolumeViewController.m */ = {isa = PBXFileReference; fileEncoding = 4; lastKnownFileType = sourcecode.c.objc; path = TidalVolumeViewController.m; sourceTree = "<group>"; };
		63EA316A13676EEC0004DBD2 /* DecisionFetcher.h */ = {isa = PBXFileReference; fileEncoding = 4; lastKnownFileType = sourcecode.c.h; path = DecisionFetcher.h; sourceTree = "<group>"; };
		63EA316B13676EEC0004DBD2 /* DecisionFetcher.m */ = {isa = PBXFileReference; fileEncoding = 4; lastKnownFileType = sourcecode.c.objc; path = DecisionFetcher.m; sourceTree = "<group>"; };
		63EA316C13676EEC0004DBD2 /* Patient.h */ = {isa = PBXFileReference; fileEncoding = 4; lastKnownFileType = sourcecode.c.h; path = Patient.h; sourceTree = "<group>"; };
		63EA316D13676EEC0004DBD2 /* Patient.m */ = {isa = PBXFileReference; fileEncoding = 4; lastKnownFileType = sourcecode.c.objc; path = Patient.m; sourceTree = "<group>"; };
		63EA316E13676EEC0004DBD2 /* treatments.plist */ = {isa = PBXFileReference; fileEncoding = 4; lastKnownFileType = text.plist.xml; path = treatments.plist; sourceTree = "<group>"; };
		63EA316F13676EEC0004DBD2 /* views.plist */ = {isa = PBXFileReference; fileEncoding = 4; lastKnownFileType = text.plist.xml; path = views.plist; sourceTree = "<group>"; };
		63EA317513676F940004DBD2 /* BinaryDecisionViewController.xib */ = {isa = PBXFileReference; fileEncoding = 4; lastKnownFileType = file.xib; path = BinaryDecisionViewController.xib; sourceTree = "<group>"; };
		63EA317613676F940004DBD2 /* ChecklistViewController.xib */ = {isa = PBXFileReference; fileEncoding = 4; lastKnownFileType = file.xib; path = ChecklistViewController.xib; sourceTree = "<group>"; };
		63EA317713676F940004DBD2 /* ConservativeFluidViewController.xib */ = {isa = PBXFileReference; fileEncoding = 4; lastKnownFileType = file.xib; path = ConservativeFluidViewController.xib; sourceTree = "<group>"; };
		63EA317813676F940004DBD2 /* DailyLIPSViewController.xib */ = {isa = PBXFileReference; fileEncoding = 4; lastKnownFileType = file.xib; path = DailyLIPSViewController.xib; sourceTree = "<group>"; };
		63EA317913676F940004DBD2 /* DataEntryController.xib */ = {isa = PBXFileReference; fileEncoding = 4; lastKnownFileType = file.xib; path = DataEntryController.xib; sourceTree = "<group>"; };
		63EA317A13676F940004DBD2 /* FluidManagementViewController.xib */ = {isa = PBXFileReference; fileEncoding = 4; lastKnownFileType = file.xib; path = FluidManagementViewController.xib; sourceTree = "<group>"; };
		63EA317B13676F940004DBD2 /* InfectionViewController.xib */ = {isa = PBXFileReference; fileEncoding = 4; lastKnownFileType = file.xib; path = InfectionViewController.xib; sourceTree = "<group>"; };
		63EA317C13676F940004DBD2 /* MultipleChoiceViewController.xib */ = {isa = PBXFileReference; fileEncoding = 4; lastKnownFileType = file.xib; path = MultipleChoiceViewController.xib; sourceTree = "<group>"; };
		63EA317D13676F940004DBD2 /* PasswordViewController.xib */ = {isa = PBXFileReference; fileEncoding = 4; lastKnownFileType = file.xib; path = PasswordViewController.xib; sourceTree = "<group>"; };
		63EA317E13676F940004DBD2 /* PatientInfoScreen.xib */ = {isa = PBXFileReference; fileEncoding = 4; lastKnownFileType = file.xib; path = PatientInfoScreen.xib; sourceTree = "<group>"; };
		63EA317F13676F950004DBD2 /* ScoreViewController.xib */ = {isa = PBXFileReference; fileEncoding = 4; lastKnownFileType = file.xib; path = ScoreViewController.xib; sourceTree = "<group>"; };
		63EA318013676F950004DBD2 /* SuggestionViewController.xib */ = {isa = PBXFileReference; fileEncoding = 4; lastKnownFileType = file.xib; path = SuggestionViewController.xib; sourceTree = "<group>"; };
		63EA318113676F950004DBD2 /* TidalVolumeViewController.xib */ = {isa = PBXFileReference; fileEncoding = 4; lastKnownFileType = file.xib; path = TidalVolumeViewController.xib; sourceTree = "<group>"; };
		63EA318F13676F9F0004DBD2 /* MainWindow.xib */ = {isa = PBXFileReference; fileEncoding = 4; lastKnownFileType = file.xib; path = MainWindow.xib; sourceTree = "<group>"; };
		63F0E12D1318CAF000FB6ADD /* UIKit.framework */ = {isa = PBXFileReference; lastKnownFileType = wrapper.framework; name = UIKit.framework; path = System/Library/Frameworks/UIKit.framework; sourceTree = SDKROOT; };
		63F0E12F1318CAF000FB6ADD /* Foundation.framework */ = {isa = PBXFileReference; lastKnownFileType = wrapper.framework; name = Foundation.framework; path = System/Library/Frameworks/Foundation.framework; sourceTree = SDKROOT; };
		63F0E1311318CAF000FB6ADD /* CoreGraphics.framework */ = {isa = PBXFileReference; lastKnownFileType = wrapper.framework; name = CoreGraphics.framework; path = System/Library/Frameworks/CoreGraphics.framework; sourceTree = SDKROOT; };
		63F0E1351318CAF000FB6ADD /* LIPS-Info.plist */ = {isa = PBXFileReference; lastKnownFileType = text.plist.xml; path = "LIPS-Info.plist"; sourceTree = "<group>"; };
		63F0E1371318CAF000FB6ADD /* en */ = {isa = PBXFileReference; lastKnownFileType = text.plist.strings; name = en; path = en.lproj/InfoPlist.strings; sourceTree = "<group>"; };
		63F0E1391318CAF000FB6ADD /* LIPS-Prefix.pch */ = {isa = PBXFileReference; lastKnownFileType = sourcecode.c.h; path = "LIPS-Prefix.pch"; sourceTree = "<group>"; };
		63F0E13A1318CAF000FB6ADD /* main.m */ = {isa = PBXFileReference; lastKnownFileType = sourcecode.c.objc; path = main.m; sourceTree = "<group>"; };
		63F0E13C1318CAF000FB6ADD /* LIPSAppDelegate.h */ = {isa = PBXFileReference; lastKnownFileType = sourcecode.c.h; path = LIPSAppDelegate.h; sourceTree = "<group>"; };
		63F0E13D1318CAF000FB6ADD /* LIPSAppDelegate.m */ = {isa = PBXFileReference; lastKnownFileType = sourcecode.c.objc; path = LIPSAppDelegate.m; sourceTree = "<group>"; };
		63F0E1551318CAF000FB6ADD /* LIPSTests-Info.plist */ = {isa = PBXFileReference; lastKnownFileType = text.plist.xml; path = "LIPSTests-Info.plist"; sourceTree = "<group>"; };
		63F0E1571318CAF000FB6ADD /* en */ = {isa = PBXFileReference; lastKnownFileType = text.plist.strings; name = en; path = en.lproj/InfoPlist.strings; sourceTree = "<group>"; };
		63F0E1591318CAF000FB6ADD /* LIPSTests-Prefix.pch */ = {isa = PBXFileReference; lastKnownFileType = sourcecode.c.h; path = "LIPSTests-Prefix.pch"; sourceTree = "<group>"; };
		63F0E15A1318CAF000FB6ADD /* LIPSTests.h */ = {isa = PBXFileReference; lastKnownFileType = sourcecode.c.h; path = LIPSTests.h; sourceTree = "<group>"; };
		63F0E15C1318CAF000FB6ADD /* LIPSTests.m */ = {isa = PBXFileReference; lastKnownFileType = sourcecode.c.objc; path = LIPSTests.m; sourceTree = "<group>"; };
		63F293A01331700A00338589 /* iLIPS.app */ = {isa = PBXFileReference; explicitFileType = wrapper.application; includeInIndex = 0; path = iLIPS.app; sourceTree = BUILT_PRODUCTS_DIR; };
		63F2CB9C135F808500D01172 /* ToggleButton.h */ = {isa = PBXFileReference; fileEncoding = 4; lastKnownFileType = sourcecode.c.h; path = ToggleButton.h; sourceTree = "<group>"; };
		63F2CB9D135F808500D01172 /* ToggleButton.m */ = {isa = PBXFileReference; fileEncoding = 4; lastKnownFileType = sourcecode.c.objc; path = ToggleButton.m; sourceTree = "<group>"; };
		63F2CB9F135F87EE00D01172 /* CheckBox.h */ = {isa = PBXFileReference; fileEncoding = 4; lastKnownFileType = sourcecode.c.h; path = CheckBox.h; sourceTree = "<group>"; };
		63F2CBA0135F87EE00D01172 /* CheckBox.m */ = {isa = PBXFileReference; fileEncoding = 4; lastKnownFileType = sourcecode.c.objc; path = CheckBox.m; sourceTree = "<group>"; };
		63F2CBB6135F916900D01172 /* CheckBoxUnchecked.png */ = {isa = PBXFileReference; lastKnownFileType = image.png; path = CheckBoxUnchecked.png; sourceTree = "<group>"; };
		63F2CBB7135F916900D01172 /* CheckBoxChecked.png */ = {isa = PBXFileReference; lastKnownFileType = image.png; path = CheckBoxChecked.png; sourceTree = "<group>"; };
		63F621321331434100ABAEB0 /* Default-Landscape.psd */ = {isa = PBXFileReference; lastKnownFileType = file; path = "Default-Landscape.psd"; sourceTree = "<group>"; };
		63F621331331434100ABAEB0 /* Default-Portrait.psd */ = {isa = PBXFileReference; lastKnownFileType = file; path = "Default-Portrait.psd"; sourceTree = "<group>"; };
		63F621341331434100ABAEB0 /* icon.psd */ = {isa = PBXFileReference; lastKnownFileType = file; path = icon.psd; sourceTree = "<group>"; };
		63F621391331444700ABAEB0 /* bigicon.png */ = {isa = PBXFileReference; lastKnownFileType = image.png; path = bigicon.png; sourceTree = "<group>"; };
		63F6213A1331444700ABAEB0 /* bigicon.psd */ = {isa = PBXFileReference; lastKnownFileType = file; path = bigicon.psd; sourceTree = "<group>"; };
		A0249C7F135F528E00FFEC2C /* GreenButton.png */ = {isa = PBXFileReference; lastKnownFileType = image.png; path = GreenButton.png; sourceTree = "<group>"; };
		A0249C80135F528E00FFEC2C /* GreyButton.png */ = {isa = PBXFileReference; lastKnownFileType = image.png; path = GreyButton.png; sourceTree = "<group>"; };
		A0249C81135F528E00FFEC2C /* README */ = {isa = PBXFileReference; fileEncoding = 4; lastKnownFileType = text; path = README; sourceTree = "<group>"; };
		A0249C82135F528E00FFEC2C /* RedButton.png */ = {isa = PBXFileReference; lastKnownFileType = image.png; path = RedButton.png; sourceTree = "<group>"; };
/* End PBXFileReference section */

/* Begin PBXFrameworksBuildPhase section */
		63F0E1261318CAF000FB6ADD /* Frameworks */ = {
			isa = PBXFrameworksBuildPhase;
			buildActionMask = 2147483647;
			files = (
				63F0E12E1318CAF000FB6ADD /* UIKit.framework in Frameworks */,
				63F0E1301318CAF000FB6ADD /* Foundation.framework in Frameworks */,
				63F0E1321318CAF000FB6ADD /* CoreGraphics.framework in Frameworks */,
				6390CD3C136544A900DE382E /* libmysqlclient.a in Frameworks */,
			);
			runOnlyForDeploymentPostprocessing = 0;
		};
		63F0E1491318CAF000FB6ADD /* Frameworks */ = {
			isa = PBXFrameworksBuildPhase;
			buildActionMask = 2147483647;
			files = (
				63F0E14E1318CAF000FB6ADD /* UIKit.framework in Frameworks */,
				63F0E14F1318CAF000FB6ADD /* Foundation.framework in Frameworks */,
				63F0E1501318CAF000FB6ADD /* CoreGraphics.framework in Frameworks */,
			);
			runOnlyForDeploymentPostprocessing = 0;
		};
/* End PBXFrameworksBuildPhase section */

/* Begin PBXGroup section */
		6336E738131E625500CF9851 /* Controllers */ = {
			isa = PBXGroup;
			children = (
				63EA314113676CF90004DBD2 /* BinaryDecisionViewController.h */,
				63EA314213676CF90004DBD2 /* BinaryDecisionViewController.m */,
				63EA314313676CF90004DBD2 /* ChecklistViewController.h */,
				63EA314413676CF90004DBD2 /* ChecklistViewController.m */,
				63EA314513676CF90004DBD2 /* ConservativeFluidViewController.h */,
				63EA314613676CF90004DBD2 /* ConservativeFluidViewController.m */,
				63EA314713676CF90004DBD2 /* DailyLIPSViewController.h */,
				63EA314813676CF90004DBD2 /* DailyLIPSViewController.m */,
				63EA314913676CF90004DBD2 /* DataEntryController.h */,
				63EA314A13676CF90004DBD2 /* DataEntryController.m */,
				63EA314B13676CF90004DBD2 /* DecisionTreeView.h */,
				63EA314C13676CF90004DBD2 /* FluidManagementViewController.h */,
				63EA314D13676CF90004DBD2 /* FluidManagementViewController.m */,
				63EA314E13676CF90004DBD2 /* InfectionViewController.h */,
				63EA314F13676CF90004DBD2 /* InfectionViewController.m */,
				63EA315013676CF90004DBD2 /* MultipleChoiceViewController.h */,
				63EA315113676CF90004DBD2 /* MultipleChoiceViewController.m */,
				63EA315213676CF90004DBD2 /* PasswordViewController.h */,
				63EA315313676CF90004DBD2 /* PasswordViewController.m */,
				63EA315413676CF90004DBD2 /* PatientInfoScreen.h */,
				63EA315513676CF90004DBD2 /* PatientInfoScreen.m */,
				63EA315613676CF90004DBD2 /* ScoreViewController.h */,
				63EA315713676CF90004DBD2 /* ScoreViewController.m */,
				63EA315813676CF90004DBD2 /* SuggestionViewController.h */,
				63EA315913676CF90004DBD2 /* SuggestionViewController.m */,
				63EA315A13676CF90004DBD2 /* TidalVolumeViewController.h */,
				63EA315B13676CF90004DBD2 /* TidalVolumeViewController.m */,
			);
			name = Controllers;
			path = LIPS/Controllers;
			sourceTree = "<group>";
		};
		6336E742131E628800CF9851 /* Views */ = {
			isa = PBXGroup;
			children = (
				63EA317513676F940004DBD2 /* BinaryDecisionViewController.xib */,
				63EA317613676F940004DBD2 /* ChecklistViewController.xib */,
				63EA317713676F940004DBD2 /* ConservativeFluidViewController.xib */,
				63EA317813676F940004DBD2 /* DailyLIPSViewController.xib */,
				63EA318F13676F9F0004DBD2 /* MainWindow.xib */,
				63EA317913676F940004DBD2 /* DataEntryController.xib */,
				63EA317A13676F940004DBD2 /* FluidManagementViewController.xib */,
				63EA317B13676F940004DBD2 /* InfectionViewController.xib */,
				63EA317C13676F940004DBD2 /* MultipleChoiceViewController.xib */,
				63EA317D13676F940004DBD2 /* PasswordViewController.xib */,
				63EA317E13676F940004DBD2 /* PatientInfoScreen.xib */,
				63EA317F13676F950004DBD2 /* ScoreViewController.xib */,
				63EA318013676F950004DBD2 /* SuggestionViewController.xib */,
				63EA318113676F950004DBD2 /* TidalVolumeViewController.xib */,
				63CC7651135D155E008A788D /* Custom */,
			);
			name = Views;
			path = LIPS/Views;
			sourceTree = "<group>";
		};
		6336E748131E99DA00CF9851 /* Model */ = {
			isa = PBXGroup;
			children = (
				63EA316A13676EEC0004DBD2 /* DecisionFetcher.h */,
				63EA316B13676EEC0004DBD2 /* DecisionFetcher.m */,
				63EA316C13676EEC0004DBD2 /* Patient.h */,
				63EA316D13676EEC0004DBD2 /* Patient.m */,
				63EA316E13676EEC0004DBD2 /* treatments.plist */,
				63EA316F13676EEC0004DBD2 /* views.plist */,
			);
			name = Model;
			path = LIPS/Model;
			sourceTree = "<group>";
		};
		6390CCD6136544A900DE382E /* Objc_Mysql_iPhone_OSX */ = {
			isa = PBXGroup;
			children = (
				6390CCD7136544A900DE382E /* Exceptions */,
				6390CCDE136544A900DE382E /* GC_MYSQL_BIND.h */,
				6390CCDF136544A900DE382E /* include */,
				6390CD26136544A900DE382E /* lib */,
				6390CD28136544A900DE382E /* MysqlConnection.h */,
				6390CD29136544A900DE382E /* MysqlConnection.m */,
				6390CD2A136544A900DE382E /* MysqlDelete.h */,
				6390CD2B136544A900DE382E /* MysqlDelete.m */,
				6390CD2C136544A900DE382E /* MysqlFetch.h */,
				6390CD2D136544A900DE382E /* MysqlFetch.m */,
				6390CD2E136544A900DE382E /* MysqlFetchField.h */,
				6390CD2F136544A900DE382E /* MysqlFetchField.m */,
				6390CD30136544A900DE382E /* MysqlInsert.h */,
				6390CD31136544A900DE382E /* MysqlInsert.m */,
				6390CD32136544A900DE382E /* MysqlLiteral.h */,
				6390CD33136544A900DE382E /* MysqlLiteral.m */,
				6390CD34136544A900DE382E /* MysqlUpdate.h */,
				6390CD35136544A900DE382E /* MysqlUpdate.m */,
				6390CD36136544A900DE382E /* notes.txt */,
				6390CD37136544A900DE382E /* NSString_MysqlEscape.h */,
				6390CD38136544A900DE382E /* NSString_MysqlEscape.m */,
			);
			path = Objc_Mysql_iPhone_OSX;
			sourceTree = "<group>";
		};
		6390CCD7136544A900DE382E /* Exceptions */ = {
			isa = PBXGroup;
			children = (
				6390CCD8136544A900DE382E /* MysqlCommitException.h */,
				6390CCD9136544A900DE382E /* MysqlCommitException.m */,
				6390CCDA136544A900DE382E /* MysqlException.h */,
				6390CCDB136544A900DE382E /* MysqlException.m */,
				6390CCDC136544A900DE382E /* MysqlRollbackException.h */,
				6390CCDD136544A900DE382E /* MysqlRollbackException.m */,
			);
			path = Exceptions;
			sourceTree = "<group>";
		};
		6390CCDF136544A900DE382E /* include */ = {
			isa = PBXGroup;
			children = (
				6390CCE0136544A900DE382E /* atomic */,
				6390CCE6136544A900DE382E /* base64.h */,
				6390CCE7136544A900DE382E /* config-win.h */,
				6390CCE8136544A900DE382E /* decimal.h */,
				6390CCE9136544A900DE382E /* errmsg.h */,
				6390CCEA136544A900DE382E /* hash.h */,
				6390CCEB136544A900DE382E /* keycache.h */,
				6390CCEC136544A900DE382E /* lf.h */,
				6390CCED136544A900DE382E /* m_ctype.h */,
				6390CCEE136544A900DE382E /* m_string.h */,
				6390CCEF136544A900DE382E /* my_aes.h */,
				6390CCF0136544A900DE382E /* my_alarm.h */,
				6390CCF1136544A900DE382E /* my_alloc.h */,
				6390CCF2136544A900DE382E /* my_atomic.h */,
				6390CCF3136544A900DE382E /* my_attribute.h */,
				6390CCF4136544A900DE382E /* my_base.h */,
				6390CCF5136544A900DE382E /* my_bit.h */,
				6390CCF6136544A900DE382E /* my_bitmap.h */,
				6390CCF7136544A900DE382E /* my_charsets.h */,
				6390CCF8136544A900DE382E /* my_config.h */,
				6390CCF9136544A900DE382E /* my_dbug.h */,
				6390CCFA136544A900DE382E /* my_dir.h */,
				6390CCFB136544A900DE382E /* my_getopt.h */,
				6390CCFC136544A900DE382E /* my_global.h */,
				6390CCFD136544A900DE382E /* my_libwrap.h */,
				6390CCFE136544A900DE382E /* my_list.h */,
				6390CCFF136544A900DE382E /* my_md5.h */,
				6390CD00136544A900DE382E /* my_net.h */,
				6390CD01136544A900DE382E /* my_no_pthread.h */,
				6390CD02136544A900DE382E /* my_nosys.h */,
				6390CD03136544A900DE382E /* my_pthread.h */,
				6390CD04136544A900DE382E /* my_stacktrace.h */,
				6390CD05136544A900DE382E /* my_sys.h */,
				6390CD06136544A900DE382E /* my_time.h */,
				6390CD07136544A900DE382E /* my_tree.h */,
				6390CD08136544A900DE382E /* my_trie.h */,
				6390CD09136544A900DE382E /* my_uctype.h */,
				6390CD0A136544A900DE382E /* my_vle.h */,
				6390CD0B136544A900DE382E /* my_xml.h */,
				6390CD0C136544A900DE382E /* myisampack.h */,
				6390CD0D136544A900DE382E /* mysql.h */,
				6390CD0E136544A900DE382E /* mysql_32.h */,
				6390CD0F136544A900DE382E /* mysql_64.h */,
				6390CD10136544A900DE382E /* mysql_com.h */,
				6390CD11136544A900DE382E /* mysql_time.h */,
				6390CD12136544A900DE382E /* mysql_version.h */,
				6390CD13136544A900DE382E /* mysqld_error.h */,
				6390CD14136544A900DE382E /* mysys */,
				6390CD16136544A900DE382E /* mysys_err.h */,
				6390CD17136544A900DE382E /* queues.h */,
				6390CD18136544A900DE382E /* service_versions.h */,
				6390CD19136544A900DE382E /* sha1.h */,
				6390CD1A136544A900DE382E /* sha2.h */,
				6390CD1B136544A900DE382E /* sql_common.h */,
				6390CD1C136544A900DE382E /* sslopt-case.h */,
				6390CD1D136544A900DE382E /* sslopt-longopts.h */,
				6390CD1E136544A900DE382E /* sslopt-vars.h */,
				6390CD1F136544A900DE382E /* t_ctype.h */,
				6390CD20136544A900DE382E /* thr_alarm.h */,
				6390CD21136544A900DE382E /* thr_lock.h */,
				6390CD22136544A900DE382E /* typelib.h */,
				6390CD23136544A900DE382E /* violite.h */,
				6390CD24136544A900DE382E /* waiting_threads.h */,
				6390CD25136544A900DE382E /* wqueue.h */,
			);
			path = include;
			sourceTree = "<group>";
		};
		6390CCE0136544A900DE382E /* atomic */ = {
			isa = PBXGroup;
			children = (
				6390CCE1136544A900DE382E /* gcc_builtins.h */,
				6390CCE2136544A900DE382E /* generic-msvc.h */,
				6390CCE3136544A900DE382E /* nolock.h */,
				6390CCE4136544A900DE382E /* rwlock.h */,
				6390CCE5136544A900DE382E /* x86-gcc.h */,
			);
			path = atomic;
			sourceTree = "<group>";
		};
		6390CD14136544A900DE382E /* mysys */ = {
			isa = PBXGroup;
			children = (
				6390CD15136544A900DE382E /* rijndael.h */,
			);
			path = mysys;
			sourceTree = "<group>";
		};
		6390CD26136544A900DE382E /* lib */ = {
			isa = PBXGroup;
			children = (
				6390CD27136544A900DE382E /* libmysqlclient.a */,
			);
			path = lib;
			sourceTree = "<group>";
		};
		63CC7651135D155E008A788D /* Custom */ = {
			isa = PBXGroup;
			children = (
				63F2CBB6135F916900D01172 /* CheckBoxUnchecked.png */,
				63F2CBB7135F916900D01172 /* CheckBoxChecked.png */,
				A0249C80135F528E00FFEC2C /* GreyButton.png */,
				A0249C82135F528E00FFEC2C /* RedButton.png */,
				A0249C7F135F528E00FFEC2C /* GreenButton.png */,
				63CC7653135D157A008A788D /* YesNoButton.h */,
				63CC7654135D157A008A788D /* YesNoButton.m */,
				63F2CB9C135F808500D01172 /* ToggleButton.h */,
				63F2CB9D135F808500D01172 /* ToggleButton.m */,
				63F2CB9F135F87EE00D01172 /* CheckBox.h */,
				63F2CBA0135F87EE00D01172 /* CheckBox.m */,
			);
			path = Custom;
			sourceTree = "<group>";
		};
		63F0E11E1318CAF000FB6ADD = {
			isa = PBXGroup;
			children = (
				6390CCD6136544A900DE382E /* Objc_Mysql_iPhone_OSX */,
				A0249C81135F528E00FFEC2C /* README */,
				6395CEAF13314CEC00617C76 /* Entitlements.plist */,
				63F621391331444700ABAEB0 /* bigicon.png */,
				63F6213A1331444700ABAEB0 /* bigicon.psd */,
				63F621321331434100ABAEB0 /* Default-Landscape.psd */,
				63F621331331434100ABAEB0 /* Default-Portrait.psd */,
				63F621341331434100ABAEB0 /* icon.psd */,
				6322B18D13214B6E00F6B81C /* Default-Landscape~ipad.png */,
				6322B18A13214B6900F6B81C /* Default-Portrait~ipad.png */,
				63238894132036C300B189F7 /* icon-72.png */,
				6336E748131E99DA00CF9851 /* Model */,
				6336E742131E628800CF9851 /* Views */,
				6336E738131E625500CF9851 /* Controllers */,
				63F0E1331318CAF000FB6ADD /* Other */,
				63F0E1531318CAF000FB6ADD /* LIPSTests */,
				63F0E12C1318CAF000FB6ADD /* Frameworks */,
				63F0E12A1318CAF000FB6ADD /* Products */,
			);
			sourceTree = "<group>";
			usesTabs = 1;
		};
		63F0E12A1318CAF000FB6ADD /* Products */ = {
			isa = PBXGroup;
			children = (
				63F293A01331700A00338589 /* iLIPS.app */,
				636C15BA1331718C00A8506B /* LIPSTests.octest */,
			);
			name = Products;
			sourceTree = "<group>";
		};
		63F0E12C1318CAF000FB6ADD /* Frameworks */ = {
			isa = PBXGroup;
			children = (
				63F0E12D1318CAF000FB6ADD /* UIKit.framework */,
				63F0E12F1318CAF000FB6ADD /* Foundation.framework */,
				63F0E1311318CAF000FB6ADD /* CoreGraphics.framework */,
			);
			name = Frameworks;
			sourceTree = "<group>";
		};
		63F0E1331318CAF000FB6ADD /* Other */ = {
			isa = PBXGroup;
			children = (
				63F0E13C1318CAF000FB6ADD /* LIPSAppDelegate.h */,
				63F0E13D1318CAF000FB6ADD /* LIPSAppDelegate.m */,
				63F0E1341318CAF000FB6ADD /* Supporting Files */,
			);
			name = Other;
			path = LIPS;
			sourceTree = "<group>";
		};
		63F0E1341318CAF000FB6ADD /* Supporting Files */ = {
			isa = PBXGroup;
			children = (
				63F0E1351318CAF000FB6ADD /* LIPS-Info.plist */,
				63F0E1361318CAF000FB6ADD /* InfoPlist.strings */,
				63F0E1391318CAF000FB6ADD /* LIPS-Prefix.pch */,
				6351B9BF131E134D003D8A6A /* labels.txt */,
				63F0E13A1318CAF000FB6ADD /* main.m */,
			);
			name = "Supporting Files";
			sourceTree = "<group>";
		};
		63F0E1531318CAF000FB6ADD /* LIPSTests */ = {
			isa = PBXGroup;
			children = (
				63F0E15A1318CAF000FB6ADD /* LIPSTests.h */,
				63F0E15C1318CAF000FB6ADD /* LIPSTests.m */,
				63F0E1541318CAF000FB6ADD /* Supporting Files */,
			);
			path = LIPSTests;
			sourceTree = "<group>";
		};
		63F0E1541318CAF000FB6ADD /* Supporting Files */ = {
			isa = PBXGroup;
			children = (
				63F0E1551318CAF000FB6ADD /* LIPSTests-Info.plist */,
				63F0E1561318CAF000FB6ADD /* InfoPlist.strings */,
				63F0E1591318CAF000FB6ADD /* LIPSTests-Prefix.pch */,
			);
			name = "Supporting Files";
			sourceTree = "<group>";
		};
/* End PBXGroup section */

/* Begin PBXNativeTarget section */
		63F0E1281318CAF000FB6ADD /* iLIPS */ = {
			isa = PBXNativeTarget;
			buildConfigurationList = 63F0E1601318CAF000FB6ADD /* Build configuration list for PBXNativeTarget "iLIPS" */;
			buildPhases = (
				63F0E1251318CAF000FB6ADD /* Sources */,
				63F0E1261318CAF000FB6ADD /* Frameworks */,
				63F0E1271318CAF000FB6ADD /* Resources */,
			);
			buildRules = (
			);
			dependencies = (
			);
			name = iLIPS;
			productName = LIPS;
			productReference = 63F293A01331700A00338589 /* iLIPS.app */;
			productType = "com.apple.product-type.application";
		};
		63F0E14C1318CAF000FB6ADD /* LIPSTests */ = {
			isa = PBXNativeTarget;
			buildConfigurationList = 63F0E1631318CAF000FB6ADD /* Build configuration list for PBXNativeTarget "LIPSTests" */;
			buildPhases = (
				63F0E1481318CAF000FB6ADD /* Sources */,
				63F0E1491318CAF000FB6ADD /* Frameworks */,
				63F0E14A1318CAF000FB6ADD /* Resources */,
				63F0E14B1318CAF000FB6ADD /* ShellScript */,
			);
			buildRules = (
			);
			dependencies = (
				63F0E1521318CAF000FB6ADD /* PBXTargetDependency */,
			);
			name = LIPSTests;
			productName = LIPSTests;
			productReference = 636C15BA1331718C00A8506B /* LIPSTests.octest */;
			productType = "com.apple.product-type.bundle";
		};
/* End PBXNativeTarget section */

/* Begin PBXProject section */
		63F0E1201318CAF000FB6ADD /* Project object */ = {
			isa = PBXProject;
			buildConfigurationList = 63F0E1231318CAF000FB6ADD /* Build configuration list for PBXProject "LIPS" */;
			compatibilityVersion = "Xcode 3.2";
			developmentRegion = English;
			hasScannedForEncodings = 0;
			knownRegions = (
				en,
			);
			mainGroup = 63F0E11E1318CAF000FB6ADD;
			productRefGroup = 63F0E12A1318CAF000FB6ADD /* Products */;
			projectDirPath = "";
			projectRoot = "";
			targets = (
				63F0E1281318CAF000FB6ADD /* iLIPS */,
				63F0E14C1318CAF000FB6ADD /* LIPSTests */,
			);
		};
/* End PBXProject section */

/* Begin PBXResourcesBuildPhase section */
		63F0E1271318CAF000FB6ADD /* Resources */ = {
			isa = PBXResourcesBuildPhase;
			buildActionMask = 2147483647;
			files = (
				63F0E1381318CAF000FB6ADD /* InfoPlist.strings in Resources */,
				6351B9C0131E134D003D8A6A /* labels.txt in Resources */,
				63238895132036C300B189F7 /* icon-72.png in Resources */,
				6322B18B13214B6900F6B81C /* Default-Portrait~ipad.png in Resources */,
				6322B18E13214B6E00F6B81C /* Default-Landscape~ipad.png in Resources */,
				63F621351331434100ABAEB0 /* Default-Landscape.psd in Resources */,
				63F621361331434100ABAEB0 /* Default-Portrait.psd in Resources */,
				63F621371331434100ABAEB0 /* icon.psd in Resources */,
				63F6213B1331444700ABAEB0 /* bigicon.png in Resources */,
				63F6213C1331444700ABAEB0 /* bigicon.psd in Resources */,
				6395CEB013314CEC00617C76 /* Entitlements.plist in Resources */,
				636DBCB513405B7000AD6089 /* conditions.plist in Resources */,
				A0249C86135F528E00FFEC2C /* GreenButton.png in Resources */,
				A0249C87135F528E00FFEC2C /* GreyButton.png in Resources */,
				A0249C88135F528E00FFEC2C /* README in Resources */,
				A0249C89135F528E00FFEC2C /* RedButton.png in Resources */,
				63F2CBB8135F916900D01172 /* CheckBoxUnchecked.png in Resources */,
				63F2CBB9135F916900D01172 /* CheckBoxChecked.png in Resources */,
				6390CD44136544AA00DE382E /* notes.txt in Resources */,
				63EA317313676EEC0004DBD2 /* treatments.plist in Resources */,
				63EA317413676EEC0004DBD2 /* views.plist in Resources */,
				63EA318213676F950004DBD2 /* BinaryDecisionViewController.xib in Resources */,
				63EA318313676F950004DBD2 /* ChecklistViewController.xib in Resources */,
				63EA318413676F950004DBD2 /* ConservativeFluidViewController.xib in Resources */,
				63EA318513676F950004DBD2 /* DailyLIPSViewController.xib in Resources */,
				63EA318613676F950004DBD2 /* DataEntryController.xib in Resources */,
				63EA318713676F950004DBD2 /* FluidManagementViewController.xib in Resources */,
				63EA318813676F950004DBD2 /* InfectionViewController.xib in Resources */,
				63EA318913676F950004DBD2 /* MultipleChoiceViewController.xib in Resources */,
				63EA318A13676F950004DBD2 /* PasswordViewController.xib in Resources */,
				63EA318B13676F950004DBD2 /* PatientInfoScreen.xib in Resources */,
				63EA318C13676F950004DBD2 /* ScoreViewController.xib in Resources */,
				63EA318D13676F950004DBD2 /* SuggestionViewController.xib in Resources */,
				63EA318E13676F950004DBD2 /* TidalVolumeViewController.xib in Resources */,
				63EA319013676F9F0004DBD2 /* MainWindow.xib in Resources */,
			);
			runOnlyForDeploymentPostprocessing = 0;
		};
		63F0E14A1318CAF000FB6ADD /* Resources */ = {
			isa = PBXResourcesBuildPhase;
			buildActionMask = 2147483647;
			files = (
				63F0E1581318CAF000FB6ADD /* InfoPlist.strings in Resources */,
				63F0E15B1318CAF000FB6ADD /* LIPSTests.h in Resources */,
			);
			runOnlyForDeploymentPostprocessing = 0;
		};
/* End PBXResourcesBuildPhase section */

/* Begin PBXShellScriptBuildPhase section */
		63F0E14B1318CAF000FB6ADD /* ShellScript */ = {
			isa = PBXShellScriptBuildPhase;
			buildActionMask = 2147483647;
			files = (
			);
			inputPaths = (
			);
			outputPaths = (
			);
			runOnlyForDeploymentPostprocessing = 0;
			shellPath = /bin/sh;
			shellScript = "# Run the unit tests in this test bundle.\n\"${SYSTEM_DEVELOPER_DIR}/Tools/RunUnitTests\"\n";
		};
/* End PBXShellScriptBuildPhase section */

/* Begin PBXSourcesBuildPhase section */
		63F0E1251318CAF000FB6ADD /* Sources */ = {
			isa = PBXSourcesBuildPhase;
			buildActionMask = 2147483647;
			files = (
				63F0E13B1318CAF000FB6ADD /* main.m in Sources */,
				63F0E13E1318CAF000FB6ADD /* LIPSAppDelegate.m in Sources */,
				63CC7655135D157A008A788D /* YesNoButton.m in Sources */,
				63F2CB9E135F808500D01172 /* ToggleButton.m in Sources */,
				63F2CBA1135F87EE00D01172 /* CheckBox.m in Sources */,
				6390CD39136544A900DE382E /* MysqlCommitException.m in Sources */,
				6390CD3A136544A900DE382E /* MysqlException.m in Sources */,
				6390CD3B136544A900DE382E /* MysqlRollbackException.m in Sources */,
				6390CD3D136544A900DE382E /* MysqlConnection.m in Sources */,
				6390CD3E136544A900DE382E /* MysqlDelete.m in Sources */,
				6390CD3F136544A900DE382E /* MysqlFetch.m in Sources */,
				6390CD40136544A900DE382E /* MysqlFetchField.m in Sources */,
				6390CD41136544A900DE382E /* MysqlInsert.m in Sources */,
				6390CD42136544A900DE382E /* MysqlLiteral.m in Sources */,
				6390CD43136544AA00DE382E /* MysqlUpdate.m in Sources */,
				6390CD45136544AA00DE382E /* NSString_MysqlEscape.m in Sources */,
				63EA315C13676CF90004DBD2 /* BinaryDecisionViewController.m in Sources */,
				63EA315D13676CF90004DBD2 /* ChecklistViewController.m in Sources */,
				63EA315E13676CF90004DBD2 /* ConservativeFluidViewController.m in Sources */,
				63EA315F13676CF90004DBD2 /* DailyLIPSViewController.m in Sources */,
				63EA316013676CF90004DBD2 /* DataEntryController.m in Sources */,
				63EA316113676CF90004DBD2 /* FluidManagementViewController.m in Sources */,
				63EA316213676CF90004DBD2 /* InfectionViewController.m in Sources */,
				63EA316313676CF90004DBD2 /* MultipleChoiceViewController.m in Sources */,
				63EA316413676CF90004DBD2 /* PasswordViewController.m in Sources */,
				63EA316513676CF90004DBD2 /* PatientInfoScreen.m in Sources */,
				63EA316613676CF90004DBD2 /* ScoreViewController.m in Sources */,
				63EA316713676CF90004DBD2 /* SuggestionViewController.m in Sources */,
				63EA316813676CF90004DBD2 /* TidalVolumeViewController.m in Sources */,
				63EA317113676EEC0004DBD2 /* DecisionFetcher.m in Sources */,
				63EA317213676EEC0004DBD2 /* Patient.m in Sources */,
			);
			runOnlyForDeploymentPostprocessing = 0;
		};
		63F0E1481318CAF000FB6ADD /* Sources */ = {
			isa = PBXSourcesBuildPhase;
			buildActionMask = 2147483647;
			files = (
				63F0E15D1318CAF000FB6ADD /* LIPSTests.m in Sources */,
			);
			runOnlyForDeploymentPostprocessing = 0;
		};
/* End PBXSourcesBuildPhase section */

/* Begin PBXTargetDependency section */
		63F0E1521318CAF000FB6ADD /* PBXTargetDependency */ = {
			isa = PBXTargetDependency;
			target = 63F0E1281318CAF000FB6ADD /* iLIPS */;
			targetProxy = 63F0E1511318CAF000FB6ADD /* PBXContainerItemProxy */;
		};
/* End PBXTargetDependency section */

/* Begin PBXVariantGroup section */
		63F0E1361318CAF000FB6ADD /* InfoPlist.strings */ = {
			isa = PBXVariantGroup;
			children = (
				63F0E1371318CAF000FB6ADD /* en */,
			);
			name = InfoPlist.strings;
			sourceTree = "<group>";
		};
		63F0E1561318CAF000FB6ADD /* InfoPlist.strings */ = {
			isa = PBXVariantGroup;
			children = (
				63F0E1571318CAF000FB6ADD /* en */,
			);
			name = InfoPlist.strings;
			sourceTree = "<group>";
		};
/* End PBXVariantGroup section */

/* Begin XCBuildConfiguration section */
		6395CEAC13314BAD00617C76 /* Distribution */ = {
			isa = XCBuildConfiguration;
			buildSettings = {
				ARCHS = "$(ARCHS_UNIVERSAL_IPHONE_OS)";
				"CODE_SIGN_IDENTITY[sdk=iphoneos*]" = "iPhone Distribution";
				GCC_C_LANGUAGE_STANDARD = gnu99;
				GCC_VERSION = com.apple.compilers.llvmgcc42;
				GCC_WARN_ABOUT_RETURN_TYPE = YES;
				GCC_WARN_UNUSED_VARIABLE = YES;
				IPHONEOS_DEPLOYMENT_TARGET = 4.0;
				OTHER_CFLAGS = "-DNS_BLOCK_ASSERTIONS=1";
				"PROVISIONING_PROFILE[sdk=iphoneos*]" = "";
				SDKROOT = iphoneos;
				TARGETED_DEVICE_FAMILY = 2;
			};
			name = Distribution;
		};
		6395CEAD13314BAD00617C76 /* Distribution */ = {
			isa = XCBuildConfiguration;
			buildSettings = {
				ALWAYS_SEARCH_USER_PATHS = NO;
				CODE_SIGN_ENTITLEMENTS = Entitlements.plist;
				"CODE_SIGN_IDENTITY[sdk=iphoneos*]" = "iPhone Distribution";
				COPY_PHASE_STRIP = YES;
				GCC_PRECOMPILE_PREFIX_HEADER = YES;
				GCC_PREFIX_HEADER = "LIPS/LIPS-Prefix.pch";
				INFOPLIST_FILE = "LIPS/LIPS-Info.plist";
				INSTALL_PATH = "$(LOCAL_APPS_DIR)";
				LIBRARY_SEARCH_PATHS = (
					"$(inherited)",
					"\"$(SRCROOT)/../../../Downloads/Objc_Mysql_iPhone_OSX/lib\"",
					"\"$(SRCROOT)/Objc_Mysql_iPhone_OSX/lib\"",
				);
				PRODUCT_NAME = "$(TARGET_NAME)";
				"PROVISIONING_PROFILE[sdk=iphoneos*]" = "";
				SDKROOT = iphoneos;
				VALIDATE_PRODUCT = YES;
				WRAPPER_EXTENSION = app;
			};
			name = Distribution;
		};
		6395CEAE13314BAD00617C76 /* Distribution */ = {
			isa = XCBuildConfiguration;
			buildSettings = {
				ALWAYS_SEARCH_USER_PATHS = NO;
				ARCHS = "$(ARCHS_STANDARD_32_BIT)";
				BUNDLE_LOADER = "$(BUILT_PRODUCTS_DIR)/LIPS.app/LIPS";
				FRAMEWORK_SEARCH_PATHS = (
					"$(SDKROOT)/Developer/Library/Frameworks",
					"$(DEVELOPER_LIBRARY_DIR)/Frameworks",
				);
				GCC_PRECOMPILE_PREFIX_HEADER = YES;
				GCC_PREFIX_HEADER = "LIPSTests/LIPSTests-Prefix.pch";
				INFOPLIST_FILE = "LIPSTests/LIPSTests-Info.plist";
				OTHER_LDFLAGS = (
					"-framework",
					SenTestingKit,
				);
				PRODUCT_NAME = "$(TARGET_NAME)";
				TEST_HOST = "$(BUNDLE_LOADER)";
				WRAPPER_EXTENSION = octest;
			};
			name = Distribution;
		};
		63F0E15E1318CAF000FB6ADD /* Debug */ = {
			isa = XCBuildConfiguration;
			buildSettings = {
				ARCHS = "$(ARCHS_UNIVERSAL_IPHONE_OS)";
				"CODE_SIGN_IDENTITY[sdk=iphoneos*]" = "iPhone Developer";
				GCC_C_LANGUAGE_STANDARD = gnu99;
				GCC_OPTIMIZATION_LEVEL = 0;
				GCC_PREPROCESSOR_DEFINITIONS = DEBUG;
				GCC_VERSION = com.apple.compilers.llvmgcc42;
				GCC_WARN_ABOUT_RETURN_TYPE = YES;
				GCC_WARN_UNUSED_VARIABLE = YES;
				IPHONEOS_DEPLOYMENT_TARGET = 4.0;
				SDKROOT = iphoneos;
				TARGETED_DEVICE_FAMILY = 2;
			};
			name = Debug;
		};
		63F0E15F1318CAF000FB6ADD /* Release */ = {
			isa = XCBuildConfiguration;
			buildSettings = {
				ARCHS = "$(ARCHS_UNIVERSAL_IPHONE_OS)";
				"CODE_SIGN_IDENTITY[sdk=iphoneos*]" = "iPhone Developer";
				GCC_C_LANGUAGE_STANDARD = gnu99;
				GCC_VERSION = com.apple.compilers.llvmgcc42;
				GCC_WARN_ABOUT_RETURN_TYPE = YES;
				GCC_WARN_UNUSED_VARIABLE = YES;
				IPHONEOS_DEPLOYMENT_TARGET = 4.0;
				OTHER_CFLAGS = "-DNS_BLOCK_ASSERTIONS=1";
				"PROVISIONING_PROFILE[sdk=iphoneos*]" = "";
				SDKROOT = iphoneos;
				TARGETED_DEVICE_FAMILY = 2;
			};
			name = Release;
		};
		63F0E1611318CAF000FB6ADD /* Debug */ = {
			isa = XCBuildConfiguration;
			buildSettings = {
				ALWAYS_SEARCH_USER_PATHS = NO;
				"CODE_SIGN_IDENTITY[sdk=iphoneos*]" = "iPhone Developer";
				COPY_PHASE_STRIP = NO;
				GCC_DYNAMIC_NO_PIC = NO;
				GCC_PRECOMPILE_PREFIX_HEADER = YES;
				GCC_PREFIX_HEADER = "LIPS/LIPS-Prefix.pch";
				INFOPLIST_FILE = "LIPS/LIPS-Info.plist";
				INSTALL_PATH = "$(LOCAL_APPS_DIR)";
				LIBRARY_SEARCH_PATHS = (
					"$(inherited)",
					"\"$(SRCROOT)/../../../Downloads/Objc_Mysql_iPhone_OSX/lib\"",
					"\"$(SRCROOT)/Objc_Mysql_iPhone_OSX/lib\"",
				);
				PRODUCT_NAME = "$(TARGET_NAME)";
				"PROVISIONING_PROFILE[sdk=iphoneos*]" = "";
				SDKROOT = iphoneos;
				WRAPPER_EXTENSION = app;
			};
			name = Debug;
		};
		63F0E1621318CAF000FB6ADD /* Release */ = {
			isa = XCBuildConfiguration;
			buildSettings = {
				ALWAYS_SEARCH_USER_PATHS = NO;
				COPY_PHASE_STRIP = YES;
				GCC_PRECOMPILE_PREFIX_HEADER = YES;
				GCC_PREFIX_HEADER = "LIPS/LIPS-Prefix.pch";
				INFOPLIST_FILE = "LIPS/LIPS-Info.plist";
				INSTALL_PATH = "$(LOCAL_APPS_DIR)";
				LIBRARY_SEARCH_PATHS = (
					"$(inherited)",
					"\"$(SRCROOT)/../../../Downloads/Objc_Mysql_iPhone_OSX/lib\"",
					"\"$(SRCROOT)/Objc_Mysql_iPhone_OSX/lib\"",
				);
				PRODUCT_NAME = "$(TARGET_NAME)";
				SDKROOT = iphoneos;
				VALIDATE_PRODUCT = YES;
				WRAPPER_EXTENSION = app;
			};
			name = Release;
		};
		63F0E1641318CAF000FB6ADD /* Debug */ = {
			isa = XCBuildConfiguration;
			buildSettings = {
				ALWAYS_SEARCH_USER_PATHS = NO;
				ARCHS = "$(ARCHS_STANDARD_32_BIT)";
				BUNDLE_LOADER = "$(BUILT_PRODUCTS_DIR)/LIPS.app/LIPS";
				FRAMEWORK_SEARCH_PATHS = (
					"$(SDKROOT)/Developer/Library/Frameworks",
					"$(DEVELOPER_LIBRARY_DIR)/Frameworks",
				);
				GCC_PRECOMPILE_PREFIX_HEADER = YES;
				GCC_PREFIX_HEADER = "LIPSTests/LIPSTests-Prefix.pch";
				INFOPLIST_FILE = "LIPSTests/LIPSTests-Info.plist";
				OTHER_LDFLAGS = (
					"-framework",
					SenTestingKit,
				);
				PRODUCT_NAME = "$(TARGET_NAME)";
				TEST_HOST = "$(BUNDLE_LOADER)";
				WRAPPER_EXTENSION = octest;
			};
			name = Debug;
		};
		63F0E1651318CAF000FB6ADD /* Release */ = {
			isa = XCBuildConfiguration;
			buildSettings = {
				ALWAYS_SEARCH_USER_PATHS = NO;
				ARCHS = "$(ARCHS_STANDARD_32_BIT)";
				BUNDLE_LOADER = "$(BUILT_PRODUCTS_DIR)/LIPS.app/LIPS";
				FRAMEWORK_SEARCH_PATHS = (
					"$(SDKROOT)/Developer/Library/Frameworks",
					"$(DEVELOPER_LIBRARY_DIR)/Frameworks",
				);
				GCC_PRECOMPILE_PREFIX_HEADER = YES;
				GCC_PREFIX_HEADER = "LIPSTests/LIPSTests-Prefix.pch";
				INFOPLIST_FILE = "LIPSTests/LIPSTests-Info.plist";
				OTHER_LDFLAGS = (
					"-framework",
					SenTestingKit,
				);
				PRODUCT_NAME = "$(TARGET_NAME)";
				TEST_HOST = "$(BUNDLE_LOADER)";
				WRAPPER_EXTENSION = octest;
			};
			name = Release;
		};
/* End XCBuildConfiguration section */

/* Begin XCConfigurationList section */
		63F0E1231318CAF000FB6ADD /* Build configuration list for PBXProject "LIPS" */ = {
			isa = XCConfigurationList;
			buildConfigurations = (
				63F0E15E1318CAF000FB6ADD /* Debug */,
				63F0E15F1318CAF000FB6ADD /* Release */,
				6395CEAC13314BAD00617C76 /* Distribution */,
			);
			defaultConfigurationIsVisible = 0;
			defaultConfigurationName = Release;
		};
		63F0E1601318CAF000FB6ADD /* Build configuration list for PBXNativeTarget "iLIPS" */ = {
			isa = XCConfigurationList;
			buildConfigurations = (
				63F0E1611318CAF000FB6ADD /* Debug */,
				63F0E1621318CAF000FB6ADD /* Release */,
				6395CEAD13314BAD00617C76 /* Distribution */,
			);
			defaultConfigurationIsVisible = 0;
			defaultConfigurationName = Release;
		};
		63F0E1631318CAF000FB6ADD /* Build configuration list for PBXNativeTarget "LIPSTests" */ = {
			isa = XCConfigurationList;
			buildConfigurations = (
				63F0E1641318CAF000FB6ADD /* Debug */,
				63F0E1651318CAF000FB6ADD /* Release */,
				6395CEAE13314BAD00617C76 /* Distribution */,
			);
			defaultConfigurationIsVisible = 0;
			defaultConfigurationName = Release;
		};
/* End XCConfigurationList section */
	};
	rootObject = 63F0E1201318CAF000FB6ADD /* Project object */;
}
